{
  "name": "bzeromq",
  "version": "1.0.1",
  "lockfileVersion": 1,
  "requires": true,
  "dependencies": {
    "flatbuffers": {
      "version": "git+https://github.com/evanw/node-flatbuffers.git#91c49c793fddb285500419424319980e278acc4c",
      "from": "git+https://github.com/evanw/node-flatbuffers.git"
    }
  }
}
